
Microsoft Visual Studio Solution File, Format Version 12.00
# Visual Studio 15
VisualStudioVersion = 15.0.27130.2010
MinimumVisualStudioVersion = 10.0.40219.1
Project("{FAE04EC0-301F-11D3-BF4B-00C04F79EFBC}") = "PlatformerGame", "PlatformerGame\PlatformerGame.csproj", "{A4F3DE74-B6E5-4B28-9ECE-A415225B03E4}"
EndProject
Global
	GlobalSection(SolutionConfigurationPlatforms) = preSolution
		Debug|x86 = Debug|x86
		Release|x86 = Release|x86
	EndGlobalSection
	GlobalSection(ProjectConfigurationPlatforms) = postSolution
		{A4F3DE74-B6E5-4B28-9ECE-A415225B03E4}.Debug|x86.ActiveCfg = Debug|x86
		{A4F3DE74-B6E5-4B28-9ECE-A415225B03E4}.Debug|x86.Build.0 = Debug|x86
		{A4F3DE74-B6E5-4B28-9ECE-A415225B03E4}.Release|x86.ActiveCfg = Release|x86
		{A4F3DE74-B6E5-4B28-9ECE-A415225B03E4}.Release|x86.Build.0 = Release|x86
	EndGlobalSection
	GlobalSection(SolutionProperties) = preSolution
		HideSolutionNode = FALSE
	EndGlobalSection
	GlobalSection(ExtensibilityGlobals) = postSolution
		SolutionGuid = {BB1A7CAB-E98B-4860-9CE4-387D9D75EE5B}
	EndGlobalSection
EndGlobal
